
Microsoft Visual Studio Solution File, Format Version 12.00
# Visual Studio Version 17
VisualStudioVersion = 17.2.32505.173
MinimumVisualStudioVersion = 10.0.40219.1
Project("{FAE04EC0-301F-11D3-BF4B-00C04F79EFBC}") = "WebApplication1", "WebApplication1\WebApplication1.csproj", "{77BBA4EB-AF95-4758-9DA1-167B51846B3B}"
EndProject
Global
	GlobalSection(SolutionConfigurationPlatforms) = preSolution
		Debug|Any CPU = Debug|Any CPU
		Release|Any CPU = Release|Any CPU
	EndGlobalSection
	GlobalSection(ProjectConfigurationPlatforms) = postSolution
		{77BBA4EB-AF95-4758-9DA1-167B51846B3B}.Debug|Any CPU.ActiveCfg = Debug|Any CPU
		{77BBA4EB-AF95-4758-9DA1-167B51846B3B}.Debug|Any CPU.Build.0 = Debug|Any CPU
		{77BBA4EB-AF95-4758-9DA1-167B51846B3B}.Release|Any CPU.ActiveCfg = Release|Any CPU
		{77BBA4EB-AF95-4758-9DA1-167B51846B3B}.Release|Any CPU.Build.0 = Release|Any CPU
	EndGlobalSection
	GlobalSection(SolutionProperties) = preSolution
		HideSolutionNode = FALSE
	EndGlobalSection
	GlobalSection(ExtensibilityGlobals) = postSolution
		SolutionGuid = {E9F78011-99B5-46A2-9700-1A7AB74635EB}
	EndGlobalSection
EndGlobal
