
Microsoft Visual Studio Solution File, Format Version 12.00
# Visual Studio Version 17
VisualStudioVersion = 17.2.32505.173
MinimumVisualStudioVersion = 10.0.40219.1
Project("{FAE04EC0-301F-11D3-BF4B-00C04F79EFBC}") = "P3", "P3\P3.csproj", "{B886727C-C14A-4C82-9191-579BFC676426}"
EndProject
Global
	GlobalSection(SolutionConfigurationPlatforms) = preSolution
		Debug|Any CPU = Debug|Any CPU
		Release|Any CPU = Release|Any CPU
	EndGlobalSection
	GlobalSection(ProjectConfigurationPlatforms) = postSolution
		{B886727C-C14A-4C82-9191-579BFC676426}.Debug|Any CPU.ActiveCfg = Debug|Any CPU
		{B886727C-C14A-4C82-9191-579BFC676426}.Debug|Any CPU.Build.0 = Debug|Any CPU
		{B886727C-C14A-4C82-9191-579BFC676426}.Release|Any CPU.ActiveCfg = Release|Any CPU
		{B886727C-C14A-4C82-9191-579BFC676426}.Release|Any CPU.Build.0 = Release|Any CPU
	EndGlobalSection
	GlobalSection(SolutionProperties) = preSolution
		HideSolutionNode = FALSE
	EndGlobalSection
	GlobalSection(ExtensibilityGlobals) = postSolution
		SolutionGuid = {A4CEA8FF-6EEE-4B24-A76B-8ED4DE315276}
	EndGlobalSection
EndGlobal
