
Microsoft Visual Studio Solution File, Format Version 12.00
# Visual Studio Version 17
VisualStudioVersion = 17.2.32505.173
MinimumVisualStudioVersion = 10.0.40219.1
Project("{FAE04EC0-301F-11D3-BF4B-00C04F79EFBC}") = "P1", "P1\P1.csproj", "{104D1AEA-25BC-4FD6-A6EC-4ED2E66845FC}"
EndProject
Global
	GlobalSection(SolutionConfigurationPlatforms) = preSolution
		Debug|Any CPU = Debug|Any CPU
		Release|Any CPU = Release|Any CPU
	EndGlobalSection
	GlobalSection(ProjectConfigurationPlatforms) = postSolution
		{104D1AEA-25BC-4FD6-A6EC-4ED2E66845FC}.Debug|Any CPU.ActiveCfg = Debug|Any CPU
		{104D1AEA-25BC-4FD6-A6EC-4ED2E66845FC}.Debug|Any CPU.Build.0 = Debug|Any CPU
		{104D1AEA-25BC-4FD6-A6EC-4ED2E66845FC}.Release|Any CPU.ActiveCfg = Release|Any CPU
		{104D1AEA-25BC-4FD6-A6EC-4ED2E66845FC}.Release|Any CPU.Build.0 = Release|Any CPU
	EndGlobalSection
	GlobalSection(SolutionProperties) = preSolution
		HideSolutionNode = FALSE
	EndGlobalSection
	GlobalSection(ExtensibilityGlobals) = postSolution
		SolutionGuid = {B30E9D86-DC08-4D80-B87D-B0F122BEBEFC}
	EndGlobalSection
EndGlobal
