
Microsoft Visual Studio Solution File, Format Version 12.00
# Visual Studio Version 17
VisualStudioVersion = 17.0.32002.185
MinimumVisualStudioVersion = 10.0.40219.1
Project("{FAE04EC0-301F-11D3-BF4B-00C04F79EFBC}") = "ConsoleApp3", "ConsoleApp3\ConsoleApp3.csproj", "{BDAB6BDF-5E1C-4E5C-ACE4-68DF08F05C7C}"
EndProject
Global
	GlobalSection(SolutionConfigurationPlatforms) = preSolution
		Debug|Any CPU = Debug|Any CPU
		Release|Any CPU = Release|Any CPU
	EndGlobalSection
	GlobalSection(ProjectConfigurationPlatforms) = postSolution
		{BDAB6BDF-5E1C-4E5C-ACE4-68DF08F05C7C}.Debug|Any CPU.ActiveCfg = Debug|Any CPU
		{BDAB6BDF-5E1C-4E5C-ACE4-68DF08F05C7C}.Debug|Any CPU.Build.0 = Debug|Any CPU
		{BDAB6BDF-5E1C-4E5C-ACE4-68DF08F05C7C}.Release|Any CPU.ActiveCfg = Release|Any CPU
		{BDAB6BDF-5E1C-4E5C-ACE4-68DF08F05C7C}.Release|Any CPU.Build.0 = Release|Any CPU
	EndGlobalSection
	GlobalSection(SolutionProperties) = preSolution
		HideSolutionNode = FALSE
	EndGlobalSection
	GlobalSection(ExtensibilityGlobals) = postSolution
		SolutionGuid = {27A79F37-83C7-4A4A-94BF-F3D63CB1D260}
	EndGlobalSection
EndGlobal
